
Microsoft Visual Studio Solution File, Format Version 12.00
# Visual Studio Version 17
VisualStudioVersion = 17.14.36203.30 d17.14
MinimumVisualStudioVersion = 10.0.40219.1
Project("{FAE04EC0-301F-11D3-BF4B-00C04F79EFBC}") = "ProjetMenuGroup", "ProjetMenuGroup\ProjetMenuGroup.csproj", "{B1834EE9-AD55-40E2-B558-E26A6F4BAB77}"
EndProject
Global
	GlobalSection(SolutionConfigurationPlatforms) = preSolution
		Debug|Any CPU = Debug|Any CPU
		Release|Any CPU = Release|Any CPU
	EndGlobalSection
	GlobalSection(ProjectConfigurationPlatforms) = postSolution
		{B1834EE9-AD55-40E2-B558-E26A6F4BAB77}.Debug|Any CPU.ActiveCfg = Debug|Any CPU
		{B1834EE9-AD55-40E2-B558-E26A6F4BAB77}.Debug|Any CPU.Build.0 = Debug|Any CPU
		{B1834EE9-AD55-40E2-B558-E26A6F4BAB77}.Release|Any CPU.ActiveCfg = Release|Any CPU
		{B1834EE9-AD55-40E2-B558-E26A6F4BAB77}.Release|Any CPU.Build.0 = Release|Any CPU
	EndGlobalSection
	GlobalSection(SolutionProperties) = preSolution
		HideSolutionNode = FALSE
	EndGlobalSection
	GlobalSection(ExtensibilityGlobals) = postSolution
		SolutionGuid = {55129CB2-72F7-4E04-B03A-35B222F908B6}
	EndGlobalSection
EndGlobal
